
Microsoft Visual Studio Solution File, Format Version 12.00
# Visual Studio Version 17
VisualStudioVersion = 17.4.33110.190
MinimumVisualStudioVersion = 10.0.40219.1
Project("{9A19103F-16F7-4668-BE54-9A1E7A4F7556}") = "Aeveco.AzureFunction", "Aeveco.AzureFunction\Aeveco.AzureFunction.csproj", "{B1E0729E-5136-4A63-A1CB-3034273BA96B}"
EndProject
Project("{FAE04EC0-301F-11D3-BF4B-00C04F79EFBC}") = "Aeveco.FunctionTests", "FunctionTests\Aeveco.FunctionTests.csproj", "{E2C196C6-58C0-4EFF-845B-B8484735C120}"
EndProject
Global
	GlobalSection(SolutionConfigurationPlatforms) = preSolution
		Debug|Any CPU = Debug|Any CPU
		Release|Any CPU = Release|Any CPU
	EndGlobalSection
	GlobalSection(ProjectConfigurationPlatforms) = postSolution
		{B1E0729E-5136-4A63-A1CB-3034273BA96B}.Debug|Any CPU.ActiveCfg = Debug|Any CPU
		{B1E0729E-5136-4A63-A1CB-3034273BA96B}.Debug|Any CPU.Build.0 = Debug|Any CPU
		{B1E0729E-5136-4A63-A1CB-3034273BA96B}.Release|Any CPU.ActiveCfg = Release|Any CPU
		{B1E0729E-5136-4A63-A1CB-3034273BA96B}.Release|Any CPU.Build.0 = Release|Any CPU
		{E2C196C6-58C0-4EFF-845B-B8484735C120}.Debug|Any CPU.ActiveCfg = Debug|Any CPU
		{E2C196C6-58C0-4EFF-845B-B8484735C120}.Debug|Any CPU.Build.0 = Debug|Any CPU
		{E2C196C6-58C0-4EFF-845B-B8484735C120}.Release|Any CPU.ActiveCfg = Release|Any CPU
		{E2C196C6-58C0-4EFF-845B-B8484735C120}.Release|Any CPU.Build.0 = Release|Any CPU
	EndGlobalSection
	GlobalSection(SolutionProperties) = preSolution
		HideSolutionNode = FALSE
	EndGlobalSection
	GlobalSection(ExtensibilityGlobals) = postSolution
		SolutionGuid = {674FCED1-33EE-442A-84B4-33C3D85F325B}
	EndGlobalSection
EndGlobal
